// !$*UTF8*$!
{
	archiveVersion = 1;
	classes = {
	};
	objectVersion = 70;
	objects = {

/* Begin PBXBuildFile section */
		056ED5349AF689E75190CC94 /* ContentView.swift in Sources */ = {isa = PBXBuildFile; fileRef = 1B585A268305599A4056B46E /* ContentView.swift */; };
		05C3C6FF814B68335BB3BE20 /* Foundation.framework in Frameworks */ = {isa = PBXBuildFile; fileRef = 65C8E59AB71EB15ED096D88A /* Foundation.framework */; };
		0FA7A27A111AE2D007203017 /* Remind.swift in Sources */ = {isa = PBXBuildFile; fileRef = F28DF5A7771A1E6D1F7CAC3F /* Remind.swift */; };
		12AE9C3AF203B976FFD1F671 /* UploadService.swift in Sources */ = {isa = PBXBuildFile; fileRef = DB78C89B6ECC5D5CBED0F5EF /* UploadService.swift */; };
		1ABC0FB4796A0E6D3BCE1D46 /* AuthService.swift in Sources */ = {isa = PBXBuildFile; fileRef = F31D4927BFC2F6130C74FA6C /* AuthService.swift */; };
		1E1C9F893C7A5206FC30E6CB /* Upload.swift in Sources */ = {isa = PBXBuildFile; fileRef = 2A22D8426E6F3AB4DE073902 /* Upload.swift */; };
		1E3B845F1A572AEE8171AD0D /* MoodService.swift in Sources */ = {isa = PBXBuildFile; fileRef = 63F6C9DB9FF05A5A82C2B3DD /* MoodService.swift */; };
		2159AEC034018D38EF0DA888 /* ArticleService.swift in Sources */ = {isa = PBXBuildFile; fileRef = 2D02A3C816A820D3F77515FD /* ArticleService.swift */; };
		34803FC191B63F5F815AF41C /* AppIconAssets.xcassets in Sources */ = {isa = PBXBuildFile; fileRef = D8B7926C777CFCF5CDEBBD5A /* AppIconAssets.xcassets */; };
		3B0A61AB710277B45F6677AC /* Config.swift in Sources */ = {isa = PBXBuildFile; fileRef = 71A282F00E4D87CFD28D3B36 /* Config.swift */; };
		3DD4D10EB68051B6D2D97B4B /* Mood.swift in Sources */ = {isa = PBXBuildFile; fileRef = 4509A0BDE579C98CD60770EC /* Mood.swift */; };
		4443E5D6ED346C5F4EA7C402 /* CommentService.swift in Sources */ = {isa = PBXBuildFile; fileRef = 186239873056604504B31AEA /* CommentService.swift */; };
		45F93D467AACEDA550F15FF5 /* Footprint.swift in Sources */ = {isa = PBXBuildFile; fileRef = A4ACD3825D2FEC5EE43B86EA /* Footprint.swift */; };
		4D97B62145F31D2F826EF36F /* PageBackground.swift in Sources */ = {isa = PBXBuildFile; fileRef = CB489832FDAEF88D25C2D23E /* PageBackground.swift */; };
		541FD54CC796F4CB203ABAC4 /* Common.swift in Sources */ = {isa = PBXBuildFile; fileRef = ACA50961351DB1D1A5DB6523 /* Common.swift */; };
		5F7571ACBEA446EC9FBB150A /* CategoryService.swift in Sources */ = {isa = PBXBuildFile; fileRef = 422F9980235488658A7A822C /* CategoryService.swift */; };
		67AC08AC035610B2CDD74804 /* Article.swift in Sources */ = {isa = PBXBuildFile; fileRef = 814385E14B80F2DFB3393482 /* Article.swift */; };
		6E8144BE952F425C438D25C7 /* Assets.xcassets in Resources */ = {isa = PBXBuildFile; fileRef = 664DE96CBFEA253650D63A02 /* Assets.xcassets */; };
		6F32061B96259A3EC6367D42 /* User.swift in Sources */ = {isa = PBXBuildFile; fileRef = 33A7A8A10569B8CA7700FAFE /* User.swift */; };
		77FAE7583FC25ED09FDBC80D /* Cate.swift in Sources */ = {isa = PBXBuildFile; fileRef = 6639756DD7504A02EB90CE1B /* Cate.swift */; };
		B1A2C3D4E5F6A7B8C9D0E1F2 /* PhotoBrowserView.swift in Sources */ = {isa = PBXBuildFile; fileRef = A1B2C3D4E5F6A7B8C9D0E1F2 /* PhotoBrowserView.swift */; };
		C383FBB0974DE1A9C8B3B007 /* BlogApp.swift in Sources */ = {isa = PBXBuildFile; fileRef = 1573E70B86C112453A2D744C /* BlogApp.swift */; };
		C7341FF2BCEC78758EED88A1 /* Theme.swift in Sources */ = {isa = PBXBuildFile; fileRef = 9A3379BD04C421B3AEC99B14 /* Theme.swift */; };
		D1E2F3A4B5C6D7E8F9A0B1C2 /* LoadingView.swift in Sources */ = {isa = PBXBuildFile; fileRef = E2F3A4B5C6D7E8F9A0B1C2D3 /* LoadingView.swift */; };
		CB3373CCAC7E69C08D4772FD /* Comment.swift in Sources */ = {isa = PBXBuildFile; fileRef = 6C1D591F5850870283787636 /* Comment.swift */; };
		E532AD0281A8A9D5D45A1527 /* FootprintService.swift in Sources */ = {isa = PBXBuildFile; fileRef = 41EF9E928CEFAF948EC83D23 /* FootprintService.swift */; };
		EE00AAC586F4D32C8D14FFFF /* RemindService.swift in Sources */ = {isa = PBXBuildFile; fileRef = 6A5C49F57620CB25373F8493 /* RemindService.swift */; };
/* End PBXBuildFile section */

/* Begin PBXFileReference section */
		06C13C8BE2466821B6F0C6A4 /* BlogApp.app */ = {isa = PBXFileReference; explicitFileType = wrapper.application; includeInIndex = 0; path = BlogApp.app; sourceTree = BUILT_PRODUCTS_DIR; };
		1573E70B86C112453A2D744C /* BlogApp.swift */ = {isa = PBXFileReference; includeInIndex = 1; lastKnownFileType = sourcecode.swift; path = BlogApp.swift; sourceTree = "<group>"; };
		186239873056604504B31AEA /* CommentService.swift */ = {isa = PBXFileReference; includeInIndex = 1; lastKnownFileType = sourcecode.swift; path = CommentService.swift; sourceTree = "<group>"; };
		1B585A268305599A4056B46E /* ContentView.swift */ = {isa = PBXFileReference; includeInIndex = 1; lastKnownFileType = sourcecode.swift; path = ContentView.swift; sourceTree = "<group>"; };
		2A22D8426E6F3AB4DE073902 /* Upload.swift */ = {isa = PBXFileReference; includeInIndex = 1; lastKnownFileType = sourcecode.swift; path = Upload.swift; sourceTree = "<group>"; };
		2D02A3C816A820D3F77515FD /* ArticleService.swift */ = {isa = PBXFileReference; includeInIndex = 1; lastKnownFileType = sourcecode.swift; path = ArticleService.swift; sourceTree = "<group>"; };
		33A7A8A10569B8CA7700FAFE /* User.swift */ = {isa = PBXFileReference; includeInIndex = 1; lastKnownFileType = sourcecode.swift; path = User.swift; sourceTree = "<group>"; };
		41EF9E928CEFAF948EC83D23 /* FootprintService.swift */ = {isa = PBXFileReference; includeInIndex = 1; lastKnownFileType = sourcecode.swift; path = FootprintService.swift; sourceTree = "<group>"; };
		422F9980235488658A7A822C /* CategoryService.swift */ = {isa = PBXFileReference; includeInIndex = 1; lastKnownFileType = sourcecode.swift; path = CategoryService.swift; sourceTree = "<group>"; };
		4509A0BDE579C98CD60770EC /* Mood.swift */ = {isa = PBXFileReference; includeInIndex = 1; lastKnownFileType = sourcecode.swift; path = Mood.swift; sourceTree = "<group>"; };
		63F6C9DB9FF05A5A82C2B3DD /* MoodService.swift */ = {isa = PBXFileReference; includeInIndex = 1; lastKnownFileType = sourcecode.swift; path = MoodService.swift; sourceTree = "<group>"; };
		65C8E59AB71EB15ED096D88A /* Foundation.framework */ = {isa = PBXFileReference; lastKnownFileType = wrapper.framework; name = Foundation.framework; path = Platforms/iPhoneOS.platform/Developer/SDKs/iPhoneOS18.0.sdk/System/Library/Frameworks/Foundation.framework; sourceTree = DEVELOPER_DIR; };
		6639756DD7504A02EB90CE1B /* Cate.swift */ = {isa = PBXFileReference; includeInIndex = 1; lastKnownFileType = sourcecode.swift; path = Cate.swift; sourceTree = "<group>"; };
		664DE96CBFEA253650D63A02 /* Assets.xcassets */ = {isa = PBXFileReference; includeInIndex = 1; lastKnownFileType = folder.assetcatalog; path = Assets.xcassets; sourceTree = "<group>"; };
		6A5C49F57620CB25373F8493 /* RemindService.swift */ = {isa = PBXFileReference; includeInIndex = 1; lastKnownFileType = sourcecode.swift; path = RemindService.swift; sourceTree = "<group>"; };
		6C1D591F5850870283787636 /* Comment.swift */ = {isa = PBXFileReference; includeInIndex = 1; lastKnownFileType = sourcecode.swift; path = Comment.swift; sourceTree = "<group>"; };
		71A282F00E4D87CFD28D3B36 /* Config.swift */ = {isa = PBXFileReference; includeInIndex = 1; lastKnownFileType = sourcecode.swift; path = Config.swift; sourceTree = "<group>"; };
		814385E14B80F2DFB3393482 /* Article.swift */ = {isa = PBXFileReference; includeInIndex = 1; lastKnownFileType = sourcecode.swift; path = Article.swift; sourceTree = "<group>"; };
		9A3379BD04C421B3AEC99B14 /* Theme.swift */ = {isa = PBXFileReference; includeInIndex = 1; lastKnownFileType = sourcecode.swift; path = Theme.swift; sourceTree = "<group>"; };
		E2F3A4B5C6D7E8F9A0B1C2D3 /* LoadingView.swift */ = {isa = PBXFileReference; includeInIndex = 1; lastKnownFileType = sourcecode.swift; path = LoadingView.swift; sourceTree = "<group>"; };
		A1B2C3D4E5F6A7B8C9D0E1F2 /* PhotoBrowserView.swift */ = {isa = PBXFileReference; includeInIndex = 1; lastKnownFileType = sourcecode.swift; path = PhotoBrowserView.swift; sourceTree = "<group>"; };
		A4ACD3825D2FEC5EE43B86EA /* Footprint.swift */ = {isa = PBXFileReference; includeInIndex = 1; lastKnownFileType = sourcecode.swift; path = Footprint.swift; sourceTree = "<group>"; };
		ACA50961351DB1D1A5DB6523 /* Common.swift */ = {isa = PBXFileReference; includeInIndex = 1; lastKnownFileType = sourcecode.swift; path = Common.swift; sourceTree = "<group>"; };
		CB489832FDAEF88D25C2D23E /* PageBackground.swift */ = {isa = PBXFileReference; includeInIndex = 1; lastKnownFileType = sourcecode.swift; path = PageBackground.swift; sourceTree = "<group>"; };
		D8B7926C777CFCF5CDEBBD5A /* AppIconAssets.xcassets */ = {isa = PBXFileReference; includeInIndex = 1; lastKnownFileType = folder.assetcatalog; path = AppIconAssets.xcassets; sourceTree = "<group>"; };
		DB78C89B6ECC5D5CBED0F5EF /* UploadService.swift */ = {isa = PBXFileReference; includeInIndex = 1; lastKnownFileType = sourcecode.swift; path = UploadService.swift; sourceTree = "<group>"; };
		F28DF5A7771A1E6D1F7CAC3F /* Remind.swift */ = {isa = PBXFileReference; includeInIndex = 1; lastKnownFileType = sourcecode.swift; path = Remind.swift; sourceTree = "<group>"; };
		F31D4927BFC2F6130C74FA6C /* AuthService.swift */ = {isa = PBXFileReference; includeInIndex = 1; lastKnownFileType = sourcecode.swift; path = AuthService.swift; sourceTree = "<group>"; };
/* End PBXFileReference section */

/* Begin PBXFileSystemSynchronizedRootGroup section */
		1EF1F572B0D3CE68657F863C /* Features */ = {isa = PBXFileSystemSynchronizedRootGroup; explicitFileTypes = {}; explicitFolders = (); path = Features; sourceTree = "<group>"; };
		2E0FE79CAE4FCF754DD989DF /* Core */ = {isa = PBXFileSystemSynchronizedRootGroup; explicitFileTypes = {}; explicitFolders = (); path = Core; sourceTree = "<group>"; };
/* End PBXFileSystemSynchronizedRootGroup section */

/* Begin PBXFrameworksBuildPhase section */
		8C66EDF95F97FB95C15CE0AD /* Frameworks */ = {
			isa = PBXFrameworksBuildPhase;
			buildActionMask = 2147483647;
			files = (
				05C3C6FF814B68335BB3BE20 /* Foundation.framework in Frameworks */,
			);
			runOnlyForDeploymentPostprocessing = 0;
		};
/* End PBXFrameworksBuildPhase section */

/* Begin PBXGroup section */
		0A8F11C08AD13FC048705580 /* Components */ = {
			isa = PBXGroup;
			children = (
				CB489832FDAEF88D25C2D23E /* PageBackground.swift */,
				A1B2C3D4E5F6A7B8C9D0E1F2 /* PhotoBrowserView.swift */,
				9A3379BD04C421B3AEC99B14 /* Theme.swift */,
				E2F3A4B5C6D7E8F9A0B1C2D3 /* LoadingView.swift */,
			);
			path = Components;
			sourceTree = "<group>";
		};
		1F439AA0A3CFF6E3DD447F3F /* . */ = {
			isa = PBXGroup;
			children = (
				F642F8D6A17BC611B5A9EDDC /* Products */,
				B2370E6914EF038DA0269DE2 /* Frameworks */,
				A293EDDB88E5C797C80DFBF2 /* App */,
				1573E70B86C112453A2D744C /* BlogApp.swift */,
				1B585A268305599A4056B46E /* ContentView.swift */,
				2E0FE79CAE4FCF754DD989DF /* Core */,
				1EF1F572B0D3CE68657F863C /* Features */,
				D034CD2B9E412A7E97B49F36 /* Models */,
				4D43C9DBB848B626C4EE4C41 /* Services */,
				D8B7926C777CFCF5CDEBBD5A /* AppIconAssets.xcassets */,
				664DE96CBFEA253650D63A02 /* Assets.xcassets */,
				0A8F11C08AD13FC048705580 /* Components */,
			);
			path = .;
			sourceTree = "<group>";
		};
		212D6032F30E17639AEDF50C /* iOS */ = {
			isa = PBXGroup;
			children = (
				65C8E59AB71EB15ED096D88A /* Foundation.framework */,
			);
			name = iOS;
			sourceTree = "<group>";
		};
		4D43C9DBB848B626C4EE4C41 /* Services */ = {
			isa = PBXGroup;
			children = (
				2D02A3C816A820D3F77515FD /* ArticleService.swift */,
				F31D4927BFC2F6130C74FA6C /* AuthService.swift */,
				422F9980235488658A7A822C /* CategoryService.swift */,
				186239873056604504B31AEA /* CommentService.swift */,
				41EF9E928CEFAF948EC83D23 /* FootprintService.swift */,
				63F6C9DB9FF05A5A82C2B3DD /* MoodService.swift */,
				6A5C49F57620CB25373F8493 /* RemindService.swift */,
				DB78C89B6ECC5D5CBED0F5EF /* UploadService.swift */,
			);
			path = Services;
			sourceTree = "<group>";
		};
		A293EDDB88E5C797C80DFBF2 /* App */ = {
			isa = PBXGroup;
			children = (
				71A282F00E4D87CFD28D3B36 /* Config.swift */,
			);
			path = App;
			sourceTree = "<group>";
		};
		B2370E6914EF038DA0269DE2 /* Frameworks */ = {
			isa = PBXGroup;
			children = (
				212D6032F30E17639AEDF50C /* iOS */,
			);
			name = Frameworks;
			sourceTree = "<group>";
		};
		D034CD2B9E412A7E97B49F36 /* Models */ = {
			isa = PBXGroup;
			children = (
				814385E14B80F2DFB3393482 /* Article.swift */,
				6639756DD7504A02EB90CE1B /* Cate.swift */,
				6C1D591F5850870283787636 /* Comment.swift */,
				ACA50961351DB1D1A5DB6523 /* Common.swift */,
				A4ACD3825D2FEC5EE43B86EA /* Footprint.swift */,
				4509A0BDE579C98CD60770EC /* Mood.swift */,
				F28DF5A7771A1E6D1F7CAC3F /* Remind.swift */,
				2A22D8426E6F3AB4DE073902 /* Upload.swift */,
				33A7A8A10569B8CA7700FAFE /* User.swift */,
			);
			path = Models;
			sourceTree = "<group>";
		};
		F642F8D6A17BC611B5A9EDDC /* Products */ = {
			isa = PBXGroup;
			children = (
				06C13C8BE2466821B6F0C6A4 /* BlogApp.app */,
			);
			name = Products;
			sourceTree = "<group>";
		};
/* End PBXGroup section */

/* Begin PBXNativeTarget section */
	3F14FB2BB0EF4FE267F34863 /* BlogApp */ = {
		isa = PBXNativeTarget;
		buildConfigurationList = C938EA1BB77268AAFD860D4F /* Build configuration list for PBXNativeTarget "BlogApp" */;
		buildPhases = (
			D2A19A6998AC85451BD7E591 /* Sources */,
			8C66EDF95F97FB95C15CE0AD /* Frameworks */,
			70D0BBEA441044821BF1C55C /* Resources */,
		);
		buildRules = (
		);
		dependencies = (
		);
		fileSystemSynchronizedGroups = (
			1EF1F572B0D3CE68657F863C /* Features */,
			2E0FE79CAE4FCF754DD989DF /* Core */,
		);
		name = BlogApp;
		packageProductDependencies = (
			D4E5F60718293A4B5C6D7E8F /* Textual */,
		);
		productName = BlogApp;
		productReference = 06C13C8BE2466821B6F0C6A4 /* BlogApp.app */;
		productType = "com.apple.product-type.application";
	};
/* End PBXNativeTarget section */

/* Begin PBXProject section */
		ED7E207E802343E2FD8232FF /* Project object */ = {
			isa = PBXProject;
			attributes = {
				LastSwiftUpdateCheck = 1600;
				LastUpgradeCheck = 1600;
			};
			buildConfigurationList = FEC28E66C6E8C26E8405EAD7 /* Build configuration list for PBXProject "BlogApp" */;
			compatibilityVersion = "Xcode 3.2";
			developmentRegion = en;
			hasScannedForEncodings = 0;
			knownRegions = (
				en,
				Base,
			);
			packageReferences = (
				A1B2C3D4E5F60718293A4B5C /* XCRemoteSwiftPackageReference "textual" */,
			);
			mainGroup = 1F439AA0A3CFF6E3DD447F3F /* . */;
			productRefGroup = F642F8D6A17BC611B5A9EDDC /* Products */;
			projectDirPath = "";
			projectRoot = "";
			targets = (
				3F14FB2BB0EF4FE267F34863 /* BlogApp */,
			);
		};
/* End PBXProject section */

/* Begin PBXResourcesBuildPhase section */
		70D0BBEA441044821BF1C55C /* Resources */ = {
			isa = PBXResourcesBuildPhase;
			buildActionMask = 2147483647;
			files = (
				6E8144BE952F425C438D25C7 /* Assets.xcassets in Resources */,
			);
			runOnlyForDeploymentPostprocessing = 0;
		};
/* End PBXResourcesBuildPhase section */

/* Begin PBXSourcesBuildPhase section */
		D2A19A6998AC85451BD7E591 /* Sources */ = {
			isa = PBXSourcesBuildPhase;
			buildActionMask = 2147483647;
			files = (
				3B0A61AB710277B45F6677AC /* Config.swift in Sources */,
				C383FBB0974DE1A9C8B3B007 /* BlogApp.swift in Sources */,
				056ED5349AF689E75190CC94 /* ContentView.swift in Sources */,
				67AC08AC035610B2CDD74804 /* Article.swift in Sources */,
				77FAE7583FC25ED09FDBC80D /* Cate.swift in Sources */,
				CB3373CCAC7E69C08D4772FD /* Comment.swift in Sources */,
				541FD54CC796F4CB203ABAC4 /* Common.swift in Sources */,
				45F93D467AACEDA550F15FF5 /* Footprint.swift in Sources */,
				3DD4D10EB68051B6D2D97B4B /* Mood.swift in Sources */,
				0FA7A27A111AE2D007203017 /* Remind.swift in Sources */,
				1E1C9F893C7A5206FC30E6CB /* Upload.swift in Sources */,
				6F32061B96259A3EC6367D42 /* User.swift in Sources */,
				2159AEC034018D38EF0DA888 /* ArticleService.swift in Sources */,
				1ABC0FB4796A0E6D3BCE1D46 /* AuthService.swift in Sources */,
				5F7571ACBEA446EC9FBB150A /* CategoryService.swift in Sources */,
				4443E5D6ED346C5F4EA7C402 /* CommentService.swift in Sources */,
				E532AD0281A8A9D5D45A1527 /* FootprintService.swift in Sources */,
				1E3B845F1A572AEE8171AD0D /* MoodService.swift in Sources */,
				EE00AAC586F4D32C8D14FFFF /* RemindService.swift in Sources */,
				12AE9C3AF203B976FFD1F671 /* UploadService.swift in Sources */,
				34803FC191B63F5F815AF41C /* AppIconAssets.xcassets in Sources */,
				4D97B62145F31D2F826EF36F /* PageBackground.swift in Sources */,
				B1A2C3D4E5F6A7B8C9D0E1F2 /* PhotoBrowserView.swift in Sources */,
				C7341FF2BCEC78758EED88A1 /* Theme.swift in Sources */,
				D1E2F3A4B5C6D7E8F9A0B1C2 /* LoadingView.swift in Sources */,
			);
			runOnlyForDeploymentPostprocessing = 0;
		};
/* End PBXSourcesBuildPhase section */

/* Begin XCBuildConfiguration section */
		0970B4A0AF1D2BE35D2AD67E /* Debug */ = {
			isa = XCBuildConfiguration;
			buildSettings = {
				ALWAYS_SEARCH_USER_PATHS = NO;
				CLANG_ANALYZER_NONNULL = YES;
				CLANG_ANALYZER_NUMBER_OBJECT_CONVERSION = YES_AGGRESSIVE;
				CLANG_CXX_LANGUAGE_STANDARD = "gnu++14";
				CLANG_CXX_LIBRARY = "libc++";
				CLANG_ENABLE_MODULES = YES;
				CLANG_ENABLE_OBJC_ARC = YES;
				CLANG_ENABLE_OBJC_WEAK = YES;
				CLANG_WARN_BLOCK_CAPTURE_AUTORELEASING = YES;
				CLANG_WARN_BOOL_CONVERSION = YES;
				CLANG_WARN_COMMA = YES;
				CLANG_WARN_CONSTANT_CONVERSION = YES;
				CLANG_WARN_DEPRECATED_OBJC_IMPLEMENTATIONS = YES;
				CLANG_WARN_DIRECT_OBJC_ISA_USAGE = YES_ERROR;
				CLANG_WARN_DOCUMENTATION_COMMENTS = YES;
				CLANG_WARN_EMPTY_BODY = YES;
				CLANG_WARN_ENUM_CONVERSION = YES;
				CLANG_WARN_INFINITE_RECURSION = YES;
				CLANG_WARN_INT_CONVERSION = YES;
				CLANG_WARN_NON_LITERAL_NULL_CONVERSION = YES;
				CLANG_WARN_OBJC_IMPLICIT_RETAIN_SELF = YES;
				CLANG_WARN_OBJC_LITERAL_CONVERSION = YES;
				CLANG_WARN_OBJC_ROOT_CLASS = YES_ERROR;
				CLANG_WARN_QUOTED_INCLUDE_IN_FRAMEWORK_HEADER = YES;
				CLANG_WARN_RANGE_LOOP_ANALYSIS = YES;
				CLANG_WARN_STRICT_PROTOTYPES = YES;
				CLANG_WARN_SUSPICIOUS_MOVE = YES;
				CLANG_WARN_UNGUARDED_AVAILABILITY = YES_AGGRESSIVE;
				CLANG_WARN_UNREACHABLE_CODE = YES;
				CLANG_WARN__DUPLICATE_METHOD_MATCH = YES;
				COPY_PHASE_STRIP = NO;
				DEBUG_INFORMATION_FORMAT = dwarf;
				ENABLE_STRICT_OBJC_MSGSEND = YES;
				ENABLE_TESTABILITY = YES;
				GCC_C_LANGUAGE_STANDARD = gnu11;
				GCC_DYNAMIC_NO_PIC = NO;
				GCC_NO_COMMON_BLOCKS = YES;
				GCC_OPTIMIZATION_LEVEL = 0;
				GCC_PREPROCESSOR_DEFINITIONS = (
					"DEBUG=1",
					"$(inherited)",
				);
				GCC_WARN_64_TO_32_BIT_CONVERSION = YES;
				GCC_WARN_ABOUT_RETURN_TYPE = YES_ERROR;
				GCC_WARN_UNDECLARED_SELECTOR = YES;
				GCC_WARN_UNINITIALIZED_AUTOS = YES_AGGRESSIVE;
				GCC_WARN_UNUSED_FUNCTION = YES;
				GCC_WARN_UNUSED_VARIABLE = YES;
				MTL_ENABLE_DEBUG_INFO = INCLUDE_SOURCE;
				MTL_FAST_MATH = YES;
				ONLY_ACTIVE_ARCH = YES;
				PRODUCT_NAME = "$(TARGET_NAME)";
				SWIFT_ACTIVE_COMPILATION_CONDITIONS = DEBUG;
				SWIFT_OPTIMIZATION_LEVEL = "-Onone";
				SWIFT_VERSION = 5.0;
			};
			name = Debug;
		};
		45C781EC718EA8FB56B09096 /* Release */ = {
			isa = XCBuildConfiguration;
			buildSettings = {
				ALWAYS_SEARCH_USER_PATHS = NO;
				CLANG_ANALYZER_NONNULL = YES;
				CLANG_ANALYZER_NUMBER_OBJECT_CONVERSION = YES_AGGRESSIVE;
				CLANG_CXX_LANGUAGE_STANDARD = "gnu++14";
				CLANG_CXX_LIBRARY = "libc++";
				CLANG_ENABLE_MODULES = YES;
				CLANG_ENABLE_OBJC_ARC = YES;
				CLANG_ENABLE_OBJC_WEAK = YES;
				CLANG_WARN_BLOCK_CAPTURE_AUTORELEASING = YES;
				CLANG_WARN_BOOL_CONVERSION = YES;
				CLANG_WARN_COMMA = YES;
				CLANG_WARN_CONSTANT_CONVERSION = YES;
				CLANG_WARN_DEPRECATED_OBJC_IMPLEMENTATIONS = YES;
				CLANG_WARN_DIRECT_OBJC_ISA_USAGE = YES_ERROR;
				CLANG_WARN_DOCUMENTATION_COMMENTS = YES;
				CLANG_WARN_EMPTY_BODY = YES;
				CLANG_WARN_ENUM_CONVERSION = YES;
				CLANG_WARN_INFINITE_RECURSION = YES;
				CLANG_WARN_INT_CONVERSION = YES;
				CLANG_WARN_NON_LITERAL_NULL_CONVERSION = YES;
				CLANG_WARN_OBJC_IMPLICIT_RETAIN_SELF = YES;
				CLANG_WARN_OBJC_LITERAL_CONVERSION = YES;
				CLANG_WARN_OBJC_ROOT_CLASS = YES_ERROR;
				CLANG_WARN_QUOTED_INCLUDE_IN_FRAMEWORK_HEADER = YES;
				CLANG_WARN_RANGE_LOOP_ANALYSIS = YES;
				CLANG_WARN_STRICT_PROTOTYPES = YES;
				CLANG_WARN_SUSPICIOUS_MOVE = YES;
				CLANG_WARN_UNGUARDED_AVAILABILITY = YES_AGGRESSIVE;
				CLANG_WARN_UNREACHABLE_CODE = YES;
				CLANG_WARN__DUPLICATE_METHOD_MATCH = YES;
				COPY_PHASE_STRIP = NO;
				DEBUG_INFORMATION_FORMAT = "dwarf-with-dsym";
				ENABLE_NSASSERTIONS = NO;
				ENABLE_STRICT_OBJC_MSGSEND = YES;
				GCC_C_LANGUAGE_STANDARD = gnu11;
				GCC_NO_COMMON_BLOCKS = YES;
				GCC_WARN_64_TO_32_BIT_CONVERSION = YES;
				GCC_WARN_ABOUT_RETURN_TYPE = YES_ERROR;
				GCC_WARN_UNDECLARED_SELECTOR = YES;
				GCC_WARN_UNINITIALIZED_AUTOS = YES_AGGRESSIVE;
				GCC_WARN_UNUSED_FUNCTION = YES;
				GCC_WARN_UNUSED_VARIABLE = YES;
				MTL_ENABLE_DEBUG_INFO = NO;
				MTL_FAST_MATH = YES;
				PRODUCT_NAME = "$(TARGET_NAME)";
				SWIFT_COMPILATION_MODE = wholemodule;
				SWIFT_OPTIMIZATION_LEVEL = "-O";
				SWIFT_VERSION = 5.0;
			};
			name = Release;
		};
		9A9F6A23177FB54485803C39 /* Debug */ = {
			isa = XCBuildConfiguration;
			buildSettings = {
				ASSETCATALOG_COMPILER_APPICON_NAME = AppIcon;
				ASSETCATALOG_COMPILER_GLOBAL_ACCENT_COLOR_NAME = AccentColor;
				CLANG_ENABLE_OBJC_WEAK = NO;
				CODE_SIGNING_ALLOWED = NO;
				CODE_SIGNING_REQUIRED = NO;
				CODE_SIGN_IDENTITY = "-";
				"CODE_SIGN_IDENTITY[sdk=iphoneos*]" = "Apple Development";
				CODE_SIGN_STYLE = Automatic;
				CURRENT_PROJECT_VERSION = 1;
				DEVELOPMENT_TEAM = BRD6NAZYH4;
				ENABLE_PREVIEWS = YES;
				GENERATE_INFOPLIST_FILE = YES;
				INFOPLIST_KEY_NSCameraUsageDescription = "用于上传图片到文章和足迹";
				INFOPLIST_KEY_NSLocationWhenInUseUsageDescription = "用于记录和显示您的足迹位置";
				INFOPLIST_KEY_NSPhotoLibraryUsageDescription = "用于从相册选择图片上传到文章和足迹";
				INFOPLIST_KEY_UIApplicationSceneManifest_Generation = YES;
				INFOPLIST_KEY_UIApplicationSupportsIndirectInputEvents = YES;
				INFOPLIST_KEY_UILaunchScreen_Generation = YES;
				INFOPLIST_KEY_UISupportedInterfaceOrientations_iPad = "UIInterfaceOrientationPortrait UIInterfaceOrientationPortraitUpsideDown UIInterfaceOrientationLandscapeLeft UIInterfaceOrientationLandscapeRight";
				INFOPLIST_KEY_UISupportedInterfaceOrientations_iPhone = "UIInterfaceOrientationPortrait UIInterfaceOrientationLandscapeLeft UIInterfaceOrientationLandscapeRight";
				IPHONEOS_DEPLOYMENT_TARGET = 18.0;
				LD_RUNPATH_SEARCH_PATHS = (
					"$(inherited)",
					"@executable_path/Frameworks",
				);
				MARKETING_VERSION = 1.0;
				PRODUCT_BUNDLE_IDENTIFIER = com.fifsky.blog;
				PRODUCT_NAME = "$(TARGET_NAME)";
				SDKROOT = iphoneos;
				SUPPORTED_PLATFORMS = "iphoneos iphonesimulator";
				SWIFT_VERSION = 5.0;
				TARGETED_DEVICE_FAMILY = "1,2";
			};
			name = Debug;
		};
		9ED242B7A965A03B1B1782FE /* Release */ = {
			isa = XCBuildConfiguration;
			buildSettings = {
				ASSETCATALOG_COMPILER_APPICON_NAME = AppIcon;
				ASSETCATALOG_COMPILER_GLOBAL_ACCENT_COLOR_NAME = AccentColor;
				CLANG_ENABLE_OBJC_WEAK = NO;
				CODE_SIGNING_ALLOWED = NO;
				CODE_SIGNING_REQUIRED = NO;
				CODE_SIGN_IDENTITY = "-";
				"CODE_SIGN_IDENTITY[sdk=iphoneos*]" = "Apple Development";
				CODE_SIGN_STYLE = Automatic;
				CURRENT_PROJECT_VERSION = 1;
				DEVELOPMENT_TEAM = BRD6NAZYH4;
				ENABLE_PREVIEWS = YES;
				GENERATE_INFOPLIST_FILE = YES;
				INFOPLIST_KEY_NSCameraUsageDescription = "用于上传图片到文章和足迹";
				INFOPLIST_KEY_NSLocationWhenInUseUsageDescription = "用于记录和显示您的足迹位置";
				INFOPLIST_KEY_NSPhotoLibraryUsageDescription = "用于从相册选择图片上传到文章和足迹";
				INFOPLIST_KEY_UIApplicationSceneManifest_Generation = YES;
				INFOPLIST_KEY_UIApplicationSupportsIndirectInputEvents = YES;
				INFOPLIST_KEY_UILaunchScreen_Generation = YES;
				INFOPLIST_KEY_UISupportedInterfaceOrientations_iPad = "UIInterfaceOrientationPortrait UIInterfaceOrientationPortraitUpsideDown UIInterfaceOrientationLandscapeLeft UIInterfaceOrientationLandscapeRight";
				INFOPLIST_KEY_UISupportedInterfaceOrientations_iPhone = "UIInterfaceOrientationPortrait UIInterfaceOrientationLandscapeLeft UIInterfaceOrientationLandscapeRight";
				IPHONEOS_DEPLOYMENT_TARGET = 18.0;
				LD_RUNPATH_SEARCH_PATHS = (
					"$(inherited)",
					"@executable_path/Frameworks",
				);
				MARKETING_VERSION = 1.0;
				PRODUCT_BUNDLE_IDENTIFIER = com.fifsky.blog;
				PRODUCT_NAME = "$(TARGET_NAME)";
				SDKROOT = iphoneos;
				SUPPORTED_PLATFORMS = "iphoneos iphonesimulator";
				SWIFT_VERSION = 5.0;
				TARGETED_DEVICE_FAMILY = "1,2";
				VALIDATE_PRODUCT = YES;
			};
			name = Release;
		};
/* End XCBuildConfiguration section */

/* Begin XCConfigurationList section */
		C938EA1BB77268AAFD860D4F /* Build configuration list for PBXNativeTarget "BlogApp" */ = {
			isa = XCConfigurationList;
			buildConfigurations = (
				9ED242B7A965A03B1B1782FE /* Release */,
				9A9F6A23177FB54485803C39 /* Debug */,
			);
			defaultConfigurationIsVisible = 0;
			defaultConfigurationName = Release;
		};
		FEC28E66C6E8C26E8405EAD7 /* Build configuration list for PBXProject "BlogApp" */ = {
			isa = XCConfigurationList;
			buildConfigurations = (
				0970B4A0AF1D2BE35D2AD67E /* Debug */,
				45C781EC718EA8FB56B09096 /* Release */,
			);
			defaultConfigurationIsVisible = 0;
			defaultConfigurationName = Release;
		};
/* End XCConfigurationList section */

/* Begin XCRemoteSwiftPackageReference section */
		A1B2C3D4E5F60718293A4B5C /* XCRemoteSwiftPackageReference "textual" */ = {
			isa = XCRemoteSwiftPackageReference;
			repositoryURL = "https://github.com/gonzalezreal/textual";
			requirement = {
				kind = upToNextMajorVersion;
				minimumVersion = 0.5.0;
				maximumVersion = 1.0.0;
			};
		};
/* End XCRemoteSwiftPackageReference section */

/* Begin XCSwiftPackageProductDependency section */
		D4E5F60718293A4B5C6D7E8F /* Textual */ = {
			isa = XCSwiftPackageProductDependency;
			package = A1B2C3D4E5F60718293A4B5C /* XCRemoteSwiftPackageReference "textual" */;
			productName = Textual;
		};
/* End XCSwiftPackageProductDependency section */
	};
	rootObject = ED7E207E802343E2FD8232FF /* Project object */;
}
